{
  "name": "cnchar_main",
  "version": "1.0.0",
  "lockfileVersion": 2,
  "requires": true,
  "packages": {
    "": {
      "name": "cnchar_main",
      "version": "1.0.0",
      "license": "ISC",
      "dependencies": {
        "cnchar-all": "^3.2.2"
      }
    },
    "node_modules/cnchar-all": {
      "version": "3.2.2",
      "resolved": "https://registry.npmmirror.com/cnchar-all/-/cnchar-all-3.2.2.tgz",
      "integrity": "sha512-za4U/xpD1qRJJnw2I1yjHOFA8pRWwaotjGvJ2sVGmMGoAtlbuucKf/rjFRkp5/NrgiOER9xm4Luq+Vh1oarJrg==",
      "dependencies": {
        "cnchar-types": "^3.2.2"
      }
    },
    "node_modules/cnchar-types": {
      "version": "3.2.2",
      "resolved": "https://registry.npmmirror.com/cnchar-types/-/cnchar-types-3.2.2.tgz",
      "integrity": "sha512-25h6rT/c7r3CUC5VRp/roSGgAb2XRwUqHlJVZ1fRIXcOY+g+qoCnUsUIuLvsyV5hX7ReD+/9fraScL41Vowljg=="
    }
  },
  "dependencies": {
    "cnchar-all": {
      "version": "3.2.2",
      "resolved": "https://registry.npmmirror.com/cnchar-all/-/cnchar-all-3.2.2.tgz",
      "integrity": "sha512-za4U/xpD1qRJJnw2I1yjHOFA8pRWwaotjGvJ2sVGmMGoAtlbuucKf/rjFRkp5/NrgiOER9xm4Luq+Vh1oarJrg==",
      "requires": {
        "cnchar-types": "^3.2.2"
      }
    },
    "cnchar-types": {
      "version": "3.2.2",
      "resolved": "https://registry.npmmirror.com/cnchar-types/-/cnchar-types-3.2.2.tgz",
      "integrity": "sha512-25h6rT/c7r3CUC5VRp/roSGgAb2XRwUqHlJVZ1fRIXcOY+g+qoCnUsUIuLvsyV5hX7ReD+/9fraScL41Vowljg=="
    }
  }
}
